
Microsoft Visual Studio Solution File, Format Version 12.00
# Visual Studio Version 17
VisualStudioVersion = 17.5.33530.505
MinimumVisualStudioVersion = 10.0.40219.1
Project("{9A19103F-16F7-4668-BE54-9A1E7A4F7556}") = "FinanceWasm", "FinanceWasm.csproj", "{834CD3E2-03D1-4B69-8622-114F3EDFAFC7}"
EndProject
Global
	GlobalSection(SolutionConfigurationPlatforms) = preSolution
		Debug|Any CPU = Debug|Any CPU
		Release|Any CPU = Release|Any CPU
	EndGlobalSection
	GlobalSection(ProjectConfigurationPlatforms) = postSolution
		{834CD3E2-03D1-4B69-8622-114F3EDFAFC7}.Debug|Any CPU.ActiveCfg = Debug|Any CPU
		{834CD3E2-03D1-4B69-8622-114F3EDFAFC7}.Debug|Any CPU.Build.0 = Debug|Any CPU
		{834CD3E2-03D1-4B69-8622-114F3EDFAFC7}.Release|Any CPU.ActiveCfg = Release|Any CPU
		{834CD3E2-03D1-4B69-8622-114F3EDFAFC7}.Release|Any CPU.Build.0 = Release|Any CPU
	EndGlobalSection
	GlobalSection(SolutionProperties) = preSolution
		HideSolutionNode = FALSE
	EndGlobalSection
	GlobalSection(ExtensibilityGlobals) = postSolution
		SolutionGuid = {64B9618A-EB2A-49E2-8F6F-B8A271DFE880}
	EndGlobalSection
EndGlobal
